
Microsoft Visual Studio Solution File, Format Version 12.00
# Visual Studio Version 17
VisualStudioVersion = 17.7.34031.279
MinimumVisualStudioVersion = 10.0.40219.1
Project("{2150E333-8FDC-42A3-9474-1A3956D46DE8}") = "FrontEnd", "FrontEnd", "{D92964DB-C734-4B08-8168-B1741096F8BA}"
EndProject
Project("{2150E333-8FDC-42A3-9474-1A3956D46DE8}") = "Gateway", "Gateway", "{D3C52FE2-D66C-4C53-B124-40A97AF4587E}"
EndProject
Project("{2150E333-8FDC-42A3-9474-1A3956D46DE8}") = "Integration", "Integration", "{22F2294C-1814-4DE4-9D28-9740D86306DD}"
EndProject
Project("{2150E333-8FDC-42A3-9474-1A3956D46DE8}") = "Services", "Services", "{52F79267-B914-466F-8AE0-B4ADDBAF6309}"
EndProject
Project("{9A19103F-16F7-4668-BE54-9A1E7A4F7556}") = "Mango.Services.CouponAPI", "Mango.Services.CouponAPI\Mango.Services.CouponAPI.csproj", "{94F6B14B-4D38-4ED7-A200-16E1CE50240D}"
EndProject
Project("{9A19103F-16F7-4668-BE54-9A1E7A4F7556}") = "Mango.Web", "Mango.Web\Mango.Web.csproj", "{1AF6E017-398A-4E20-A639-DBE33D0483E1}"
EndProject
Project("{9A19103F-16F7-4668-BE54-9A1E7A4F7556}") = "Mango.Services.AuthAPI", "Mango.Services.AuthAPI\Mango.Services.AuthAPI.csproj", "{AEA88594-A6E9-4AE3-9842-0D16AF85E722}"
EndProject
Project("{9A19103F-16F7-4668-BE54-9A1E7A4F7556}") = "Mango.Services.ProductAPI", "Mango.Services.ProductAPI\Mango.Services.ProductAPI.csproj", "{1D012F30-63EA-4CCE-A67D-AE7A734D44D5}"
EndProject
Project("{9A19103F-16F7-4668-BE54-9A1E7A4F7556}") = "Mango.Services.ShoppingCartAPI", "Mango.Services.ShoppingCartAPI\Mango.Services.ShoppingCartAPI.csproj", "{E9C879E8-4574-4E4B-8E75-3300AED08AF2}"
EndProject
Project("{9A19103F-16F7-4668-BE54-9A1E7A4F7556}") = "Mango.MessageBus", "Mango.MessageBus\Mango.MessageBus.csproj", "{45277B8E-6473-4996-B34C-448D9179490D}"
EndProject
Project("{FAE04EC0-301F-11D3-BF4B-00C04F79EFBC}") = "Mango.Services.EmailAPI", "Mango.Services.EmailAPI\Mango.Services.EmailAPI.csproj", "{251EC962-65C3-4E8D-84A1-9A29EA45B286}"
EndProject
Global
	GlobalSection(SolutionConfigurationPlatforms) = preSolution
		Debug|Any CPU = Debug|Any CPU
		Release|Any CPU = Release|Any CPU
	EndGlobalSection
	GlobalSection(ProjectConfigurationPlatforms) = postSolution
		{94F6B14B-4D38-4ED7-A200-16E1CE50240D}.Debug|Any CPU.ActiveCfg = Debug|Any CPU
		{94F6B14B-4D38-4ED7-A200-16E1CE50240D}.Debug|Any CPU.Build.0 = Debug|Any CPU
		{94F6B14B-4D38-4ED7-A200-16E1CE50240D}.Release|Any CPU.ActiveCfg = Release|Any CPU
		{94F6B14B-4D38-4ED7-A200-16E1CE50240D}.Release|Any CPU.Build.0 = Release|Any CPU
		{1AF6E017-398A-4E20-A639-DBE33D0483E1}.Debug|Any CPU.ActiveCfg = Debug|Any CPU
		{1AF6E017-398A-4E20-A639-DBE33D0483E1}.Debug|Any CPU.Build.0 = Debug|Any CPU
		{1AF6E017-398A-4E20-A639-DBE33D0483E1}.Release|Any CPU.ActiveCfg = Release|Any CPU
		{1AF6E017-398A-4E20-A639-DBE33D0483E1}.Release|Any CPU.Build.0 = Release|Any CPU
		{AEA88594-A6E9-4AE3-9842-0D16AF85E722}.Debug|Any CPU.ActiveCfg = Debug|Any CPU
		{AEA88594-A6E9-4AE3-9842-0D16AF85E722}.Debug|Any CPU.Build.0 = Debug|Any CPU
		{AEA88594-A6E9-4AE3-9842-0D16AF85E722}.Release|Any CPU.ActiveCfg = Release|Any CPU
		{AEA88594-A6E9-4AE3-9842-0D16AF85E722}.Release|Any CPU.Build.0 = Release|Any CPU
		{1D012F30-63EA-4CCE-A67D-AE7A734D44D5}.Debug|Any CPU.ActiveCfg = Debug|Any CPU
		{1D012F30-63EA-4CCE-A67D-AE7A734D44D5}.Debug|Any CPU.Build.0 = Debug|Any CPU
		{1D012F30-63EA-4CCE-A67D-AE7A734D44D5}.Release|Any CPU.ActiveCfg = Release|Any CPU
		{1D012F30-63EA-4CCE-A67D-AE7A734D44D5}.Release|Any CPU.Build.0 = Release|Any CPU
		{E9C879E8-4574-4E4B-8E75-3300AED08AF2}.Debug|Any CPU.ActiveCfg = Debug|Any CPU
		{E9C879E8-4574-4E4B-8E75-3300AED08AF2}.Debug|Any CPU.Build.0 = Debug|Any CPU
		{E9C879E8-4574-4E4B-8E75-3300AED08AF2}.Release|Any CPU.ActiveCfg = Release|Any CPU
		{E9C879E8-4574-4E4B-8E75-3300AED08AF2}.Release|Any CPU.Build.0 = Release|Any CPU
		{45277B8E-6473-4996-B34C-448D9179490D}.Debug|Any CPU.ActiveCfg = Debug|Any CPU
		{45277B8E-6473-4996-B34C-448D9179490D}.Debug|Any CPU.Build.0 = Debug|Any CPU
		{45277B8E-6473-4996-B34C-448D9179490D}.Release|Any CPU.ActiveCfg = Release|Any CPU
		{45277B8E-6473-4996-B34C-448D9179490D}.Release|Any CPU.Build.0 = Release|Any CPU
		{251EC962-65C3-4E8D-84A1-9A29EA45B286}.Debug|Any CPU.ActiveCfg = Debug|Any CPU
		{251EC962-65C3-4E8D-84A1-9A29EA45B286}.Debug|Any CPU.Build.0 = Debug|Any CPU
		{251EC962-65C3-4E8D-84A1-9A29EA45B286}.Release|Any CPU.ActiveCfg = Release|Any CPU
		{251EC962-65C3-4E8D-84A1-9A29EA45B286}.Release|Any CPU.Build.0 = Release|Any CPU
	EndGlobalSection
	GlobalSection(SolutionProperties) = preSolution
		HideSolutionNode = FALSE
	EndGlobalSection
	GlobalSection(NestedProjects) = preSolution
		{94F6B14B-4D38-4ED7-A200-16E1CE50240D} = {52F79267-B914-466F-8AE0-B4ADDBAF6309}
		{1AF6E017-398A-4E20-A639-DBE33D0483E1} = {D92964DB-C734-4B08-8168-B1741096F8BA}
		{AEA88594-A6E9-4AE3-9842-0D16AF85E722} = {52F79267-B914-466F-8AE0-B4ADDBAF6309}
		{1D012F30-63EA-4CCE-A67D-AE7A734D44D5} = {52F79267-B914-466F-8AE0-B4ADDBAF6309}
		{E9C879E8-4574-4E4B-8E75-3300AED08AF2} = {52F79267-B914-466F-8AE0-B4ADDBAF6309}
		{45277B8E-6473-4996-B34C-448D9179490D} = {22F2294C-1814-4DE4-9D28-9740D86306DD}
		{251EC962-65C3-4E8D-84A1-9A29EA45B286} = {52F79267-B914-466F-8AE0-B4ADDBAF6309}
	EndGlobalSection
	GlobalSection(ExtensibilityGlobals) = postSolution
		SolutionGuid = {7048624F-E66C-462E-9376-324189EF1AE8}
	EndGlobalSection
EndGlobal
